// !$*UTF8*$!
{
	archiveVersion = 1;
	classes = {
	};
	objectVersion = 46;
	objects = {

/* Begin PBXBuildFile section */
		81BD48BB19AB6DBB00905527 /* main.cpp in Sources */ = {isa = PBXBuildFile; fileRef = 81BD48BA19AB6DBB00905527 /* main.cpp */; };
/* End PBXBuildFile section */

/* Begin PBXCopyFilesBuildPhase section */
		81BD48B519AB6DBB00905527 /* CopyFiles */ = {
			isa = PBXCopyFilesBuildPhase;
			buildActionMask = 2147483647;
			dstPath = /usr/share/man/man1/;
			dstSubfolderSpec = 0;
			files = (
			);
			runOnlyForDeploymentPostprocessing = 1;
		};
/* End PBXCopyFilesBuildPhase section */

/* Begin PBXFileReference section */
		81BD48B719AB6DBB00905527 /* busquedaBinaria */ = {isa = PBXFileReference; explicitFileType = "compiled.mach-o.executable"; includeInIndex = 0; path = busquedaBinaria; sourceTree = BUILT_PRODUCTS_DIR; };
		81BD48BA19AB6DBB00905527 /* main.cpp */ = {isa = PBXFileReference; lastKnownFileType = sourcecode.cpp.cpp; path = main.cpp; sourceTree = "<group>"; };
/* End PBXFileReference section */

/* Begin PBXFrameworksBuildPhase section */
		81BD48B419AB6DBB00905527 /* Frameworks */ = {
			isa = PBXFrameworksBuildPhase;
			buildActionMask = 2147483647;
			files = (
			);
			runOnlyForDeploymentPostprocessing = 0;
		};
/* End PBXFrameworksBuildPhase section */

/* Begin PBXGroup section */
		81BD48AE19AB6DBB00905527 = {
			isa = PBXGroup;
			children = (
				81BD48B919AB6DBB00905527 /* busquedaBinaria */,
				81BD48B819AB6DBB00905527 /* Products */,
			);
			sourceTree = "<group>";
		};
		81BD48B819AB6DBB00905527 /* Products */ = {
			isa = PBXGroup;
			children = (
				81BD48B719AB6DBB00905527 /* busquedaBinaria */,
			);
			name = Products;
			sourceTree = "<group>";
		};
		81BD48B919AB6DBB00905527 /* busquedaBinaria */ = {
			isa = PBXGroup;
			children = (
				81BD48BA19AB6DBB00905527 /* main.cpp */,
			);
			path = busquedaBinaria;
			sourceTree = "<group>";
		};
/* End PBXGroup section */

/* Begin PBXNativeTarget section */
		81BD48B619AB6DBB00905527 /* busquedaBinaria */ = {
			isa = PBXNativeTarget;
			buildConfigurationList = 81BD48C019AB6DBB00905527 /* Build configuration list for PBXNativeTarget "busquedaBinaria" */;
			buildPhases = (
				81BD48B319AB6DBB00905527 /* Sources */,
				81BD48B419AB6DBB00905527 /* Frameworks */,
				81BD48B519AB6DBB00905527 /* CopyFiles */,
			);
			buildRules = (
			);
			dependencies = (
			);
			name = busquedaBinaria;
			productName = busquedaBinaria;
			productReference = 81BD48B719AB6DBB00905527 /* busquedaBinaria */;
			productType = "com.apple.product-type.tool";
		};
/* End PBXNativeTarget section */

/* Begin PBXProject section */
		81BD48AF19AB6DBB00905527 /* Project object */ = {
			isa = PBXProject;
			attributes = {
				LastUpgradeCheck = 0510;
				ORGANIZATIONNAME = "Vicente Cubells Nonell";
			};
			buildConfigurationList = 81BD48B219AB6DBB00905527 /* Build configuration list for PBXProject "busquedaBinaria" */;
			compatibilityVersion = "Xcode 3.2";
			developmentRegion = English;
			hasScannedForEncodings = 0;
			knownRegions = (
				en,
			);
			mainGroup = 81BD48AE19AB6DBB00905527;
			productRefGroup = 81BD48B819AB6DBB00905527 /* Products */;
			projectDirPath = "";
			projectRoot = "";
			targets = (
				81BD48B619AB6DBB00905527 /* busquedaBinaria */,
			);
		};
/* End PBXProject section */

/* Begin PBXSourcesBuildPhase section */
		81BD48B319AB6DBB00905527 /* Sources */ = {
			isa = PBXSourcesBuildPhase;
			buildActionMask = 2147483647;
			files = (
				81BD48BB19AB6DBB00905527 /* main.cpp in Sources */,
			);
			runOnlyForDeploymentPostprocessing = 0;
		};
/* End PBXSourcesBuildPhase section */

/* Begin XCBuildConfiguration section */
		81BD48BE19AB6DBB00905527 /* Debug */ = {
			isa = XCBuildConfiguration;
			buildSettings = {
				ALWAYS_SEARCH_USER_PATHS = NO;
				CLANG_CXX_LANGUAGE_STANDARD = "gnu++0x";
				CLANG_CXX_LIBRARY = "libc++";
				CLANG_ENABLE_MODULES = YES;
				CLANG_ENABLE_OBJC_ARC = YES;
				CLANG_WARN_BOOL_CONVERSION = YES;
				CLANG_WARN_CONSTANT_CONVERSION = YES;
				CLANG_WARN_DIRECT_OBJC_ISA_USAGE = YES_ERROR;
				CLANG_WARN_EMPTY_BODY = YES;
				CLANG_WARN_ENUM_CONVERSION = YES;
				CLANG_WARN_INT_CONVERSION = YES;
				CLANG_WARN_OBJC_ROOT_CLASS = YES_ERROR;
				CLANG_WARN__DUPLICATE_METHOD_MATCH = YES;
				COPY_PHASE_STRIP = NO;
				GCC_C_LANGUAGE_STANDARD = gnu99;
				GCC_DYNAMIC_NO_PIC = NO;
				GCC_ENABLE_OBJC_EXCEPTIONS = YES;
				GCC_OPTIMIZATION_LEVEL = 0;
				GCC_PREPROCESSOR_DEFINITIONS = (
					"DEBUG=1",
					"$(inherited)",
				);
				GCC_SYMBOLS_PRIVATE_EXTERN = NO;
				GCC_WARN_64_TO_32_BIT_CONVERSION = YES;
				GCC_WARN_ABOUT_RETURN_TYPE = YES_ERROR;
				GCC_WARN_UNDECLARED_SELECTOR = YES;
				GCC_WARN_UNINITIALIZED_AUTOS = YES_AGGRESSIVE;
				GCC_WARN_UNUSED_FUNCTION = YES;
				GCC_WARN_UNUSED_VARIABLE = YES;
				MACOSX_DEPLOYMENT_TARGET = 10.9;
				ONLY_ACTIVE_ARCH = YES;
				SDKROOT = macosx;
			};
			name = Debug;
		};
		81BD48BF19AB6DBB00905527 /* Release */ = {
			isa = XCBuildConfiguration;
			buildSettings = {
				ALWAYS_SEARCH_USER_PATHS = NO;
				CLANG_CXX_LANGUAGE_STANDARD = "gnu++0x";
				CLANG_CXX_LIBRARY = "libc++";
				CLANG_ENABLE_MODULES = YES;
				CLANG_ENABLE_OBJC_ARC = YES;
				CLANG_WARN_BOOL_CONVERSION = YES;
				CLANG_WARN_CONSTANT_CONVERSION = YES;
				CLANG_WARN_DIRECT_OBJC_ISA_USAGE = YES_ERROR;
				CLANG_WARN_EMPTY_BODY = YES;
				CLANG_WARN_ENUM_CONVERSION = YES;
				CLANG_WARN_INT_CONVERSION = YES;
				CLANG_WARN_OBJC_ROOT_CLASS = YES_ERROR;
				CLANG_WARN__DUPLICATE_METHOD_MATCH = YES;
				COPY_PHASE_STRIP = YES;
				DEBUG_INFORMATION_FORMAT = "dwarf-with-dsym";
				ENABLE_NS_ASSERTIONS = NO;
				GCC_C_LANGUAGE_STANDARD = gnu99;
				GCC_ENABLE_OBJC_EXCEPTIONS = YES;
				GCC_WARN_64_TO_32_BIT_CONVERSION = YES;
				GCC_WARN_ABOUT_RETURN_TYPE = YES_ERROR;
				GCC_WARN_UNDECLARED_SELECTOR = YES;
				GCC_WARN_UNINITIALIZED_AUTOS = YES_AGGRESSIVE;
				GCC_WARN_UNUSED_FUNCTION = YES;
				GCC_WARN_UNUSED_VARIABLE = YES;
				MACOSX_DEPLOYMENT_TARGET = 10.9;
				SDKROOT = macosx;
			};
			name = Release;
		};
		81BD48C119AB6DBB00905527 /* Debug */ = {
			isa = XCBuildConfiguration;
			buildSettings = {
				PRODUCT_NAME = "$(TARGET_NAME)";
			};
			name = Debug;
		};
		81BD48C219AB6DBB00905527 /* Release */ = {
			isa = XCBuildConfiguration;
			buildSettings = {
				PRODUCT_NAME = "$(TARGET_NAME)";
			};
			name = Release;
		};
/* End XCBuildConfiguration section */

/* Begin XCConfigurationList section */
		81BD48B219AB6DBB00905527 /* Build configuration list for PBXProject "busquedaBinaria" */ = {
			isa = XCConfigurationList;
			buildConfigurations = (
				81BD48BE19AB6DBB00905527 /* Debug */,
				81BD48BF19AB6DBB00905527 /* Release */,
			);
			defaultConfigurationIsVisible = 0;
			defaultConfigurationName = Release;
		};
		81BD48C019AB6DBB00905527 /* Build configuration list for PBXNativeTarget "busquedaBinaria" */ = {
			isa = XCConfigurationList;
			buildConfigurations = (
				81BD48C119AB6DBB00905527 /* Debug */,
				81BD48C219AB6DBB00905527 /* Release */,
			);
			defaultConfigurationIsVisible = 0;
			defaultConfigurationName = Release;
		};
/* End XCConfigurationList section */
	};
	rootObject = 81BD48AF19AB6DBB00905527 /* Project object */;
}
