// !$*UTF8*$!
{
	archiveVersion = 1;
	classes = {
	};
	objectVersion = 46;
	objects = {

/* Begin PBXBuildFile section */
		81186E1F1A9559D9000BB104 /* main.cpp in Sources */ = {isa = PBXBuildFile; fileRef = 81186E1E1A9559D9000BB104 /* main.cpp */; };
		81186E271A955A44000BB104 /* Contrato.cpp in Sources */ = {isa = PBXBuildFile; fileRef = 81186E251A955A44000BB104 /* Contrato.cpp */; };
/* End PBXBuildFile section */

/* Begin PBXCopyFilesBuildPhase section */
		81186E191A9559D9000BB104 /* CopyFiles */ = {
			isa = PBXCopyFilesBuildPhase;
			buildActionMask = 2147483647;
			dstPath = /usr/share/man/man1/;
			dstSubfolderSpec = 0;
			files = (
			);
			runOnlyForDeploymentPostprocessing = 1;
		};
/* End PBXCopyFilesBuildPhase section */

/* Begin PBXFileReference section */
		81186E1B1A9559D9000BB104 /* ordenar_contratos */ = {isa = PBXFileReference; explicitFileType = "compiled.mach-o.executable"; includeInIndex = 0; path = ordenar_contratos; sourceTree = BUILT_PRODUCTS_DIR; };
		81186E1E1A9559D9000BB104 /* main.cpp */ = {isa = PBXFileReference; lastKnownFileType = sourcecode.cpp.cpp; path = main.cpp; sourceTree = "<group>"; };
		81186E251A955A44000BB104 /* Contrato.cpp */ = {isa = PBXFileReference; fileEncoding = 4; lastKnownFileType = sourcecode.cpp.cpp; path = Contrato.cpp; sourceTree = "<group>"; };
		81186E261A955A44000BB104 /* Contrato.h */ = {isa = PBXFileReference; fileEncoding = 4; lastKnownFileType = sourcecode.c.h; path = Contrato.h; sourceTree = "<group>"; };
/* End PBXFileReference section */

/* Begin PBXFrameworksBuildPhase section */
		81186E181A9559D9000BB104 /* Frameworks */ = {
			isa = PBXFrameworksBuildPhase;
			buildActionMask = 2147483647;
			files = (
			);
			runOnlyForDeploymentPostprocessing = 0;
		};
/* End PBXFrameworksBuildPhase section */

/* Begin PBXGroup section */
		81186E121A9559D9000BB104 = {
			isa = PBXGroup;
			children = (
				81186E1D1A9559D9000BB104 /* ordenar_contratos */,
				81186E1C1A9559D9000BB104 /* Products */,
			);
			sourceTree = "<group>";
		};
		81186E1C1A9559D9000BB104 /* Products */ = {
			isa = PBXGroup;
			children = (
				81186E1B1A9559D9000BB104 /* ordenar_contratos */,
			);
			name = Products;
			sourceTree = "<group>";
		};
		81186E1D1A9559D9000BB104 /* ordenar_contratos */ = {
			isa = PBXGroup;
			children = (
				81186E1E1A9559D9000BB104 /* main.cpp */,
				81186E251A955A44000BB104 /* Contrato.cpp */,
				81186E261A955A44000BB104 /* Contrato.h */,
			);
			path = ordenar_contratos;
			sourceTree = "<group>";
		};
/* End PBXGroup section */

/* Begin PBXNativeTarget section */
		81186E1A1A9559D9000BB104 /* ordenar_contratos */ = {
			isa = PBXNativeTarget;
			buildConfigurationList = 81186E221A9559D9000BB104 /* Build configuration list for PBXNativeTarget "ordenar_contratos" */;
			buildPhases = (
				81186E171A9559D9000BB104 /* Sources */,
				81186E181A9559D9000BB104 /* Frameworks */,
				81186E191A9559D9000BB104 /* CopyFiles */,
			);
			buildRules = (
			);
			dependencies = (
			);
			name = ordenar_contratos;
			productName = ordenar_contratos;
			productReference = 81186E1B1A9559D9000BB104 /* ordenar_contratos */;
			productType = "com.apple.product-type.tool";
		};
/* End PBXNativeTarget section */

/* Begin PBXProject section */
		81186E131A9559D9000BB104 /* Project object */ = {
			isa = PBXProject;
			attributes = {
				LastUpgradeCheck = 0610;
				ORGANIZATIONNAME = "Vicente Cubells Nonell";
				TargetAttributes = {
					81186E1A1A9559D9000BB104 = {
						CreatedOnToolsVersion = 6.1.1;
					};
				};
			};
			buildConfigurationList = 81186E161A9559D9000BB104 /* Build configuration list for PBXProject "ordenar_contratos" */;
			compatibilityVersion = "Xcode 3.2";
			developmentRegion = English;
			hasScannedForEncodings = 0;
			knownRegions = (
				en,
			);
			mainGroup = 81186E121A9559D9000BB104;
			productRefGroup = 81186E1C1A9559D9000BB104 /* Products */;
			projectDirPath = "";
			projectRoot = "";
			targets = (
				81186E1A1A9559D9000BB104 /* ordenar_contratos */,
			);
		};
/* End PBXProject section */

/* Begin PBXSourcesBuildPhase section */
		81186E171A9559D9000BB104 /* Sources */ = {
			isa = PBXSourcesBuildPhase;
			buildActionMask = 2147483647;
			files = (
				81186E1F1A9559D9000BB104 /* main.cpp in Sources */,
				81186E271A955A44000BB104 /* Contrato.cpp in Sources */,
			);
			runOnlyForDeploymentPostprocessing = 0;
		};
/* End PBXSourcesBuildPhase section */

/* Begin XCBuildConfiguration section */
		81186E201A9559D9000BB104 /* Debug */ = {
			isa = XCBuildConfiguration;
			buildSettings = {
				ALWAYS_SEARCH_USER_PATHS = NO;
				CLANG_CXX_LANGUAGE_STANDARD = "gnu++0x";
				CLANG_CXX_LIBRARY = "libc++";
				CLANG_ENABLE_MODULES = YES;
				CLANG_ENABLE_OBJC_ARC = YES;
				CLANG_WARN_BOOL_CONVERSION = YES;
				CLANG_WARN_CONSTANT_CONVERSION = YES;
				CLANG_WARN_DIRECT_OBJC_ISA_USAGE = YES_ERROR;
				CLANG_WARN_EMPTY_BODY = YES;
				CLANG_WARN_ENUM_CONVERSION = YES;
				CLANG_WARN_INT_CONVERSION = YES;
				CLANG_WARN_OBJC_ROOT_CLASS = YES_ERROR;
				CLANG_WARN_UNREACHABLE_CODE = YES;
				CLANG_WARN__DUPLICATE_METHOD_MATCH = YES;
				COPY_PHASE_STRIP = NO;
				ENABLE_STRICT_OBJC_MSGSEND = YES;
				GCC_C_LANGUAGE_STANDARD = gnu99;
				GCC_DYNAMIC_NO_PIC = NO;
				GCC_OPTIMIZATION_LEVEL = 0;
				GCC_PREPROCESSOR_DEFINITIONS = (
					"DEBUG=1",
					"$(inherited)",
				);
				GCC_SYMBOLS_PRIVATE_EXTERN = NO;
				GCC_WARN_64_TO_32_BIT_CONVERSION = YES;
				GCC_WARN_ABOUT_RETURN_TYPE = YES_ERROR;
				GCC_WARN_UNDECLARED_SELECTOR = YES;
				GCC_WARN_UNINITIALIZED_AUTOS = YES_AGGRESSIVE;
				GCC_WARN_UNUSED_FUNCTION = YES;
				GCC_WARN_UNUSED_VARIABLE = YES;
				MACOSX_DEPLOYMENT_TARGET = 10.10;
				MTL_ENABLE_DEBUG_INFO = YES;
				ONLY_ACTIVE_ARCH = YES;
				SDKROOT = macosx;
			};
			name = Debug;
		};
		81186E211A9559D9000BB104 /* Release */ = {
			isa = XCBuildConfiguration;
			buildSettings = {
				ALWAYS_SEARCH_USER_PATHS = NO;
				CLANG_CXX_LANGUAGE_STANDARD = "gnu++0x";
				CLANG_CXX_LIBRARY = "libc++";
				CLANG_ENABLE_MODULES = YES;
				CLANG_ENABLE_OBJC_ARC = YES;
				CLANG_WARN_BOOL_CONVERSION = YES;
				CLANG_WARN_CONSTANT_CONVERSION = YES;
				CLANG_WARN_DIRECT_OBJC_ISA_USAGE = YES_ERROR;
				CLANG_WARN_EMPTY_BODY = YES;
				CLANG_WARN_ENUM_CONVERSION = YES;
				CLANG_WARN_INT_CONVERSION = YES;
				CLANG_WARN_OBJC_ROOT_CLASS = YES_ERROR;
				CLANG_WARN_UNREACHABLE_CODE = YES;
				CLANG_WARN__DUPLICATE_METHOD_MATCH = YES;
				COPY_PHASE_STRIP = YES;
				DEBUG_INFORMATION_FORMAT = "dwarf-with-dsym";
				ENABLE_NS_ASSERTIONS = NO;
				ENABLE_STRICT_OBJC_MSGSEND = YES;
				GCC_C_LANGUAGE_STANDARD = gnu99;
				GCC_WARN_64_TO_32_BIT_CONVERSION = YES;
				GCC_WARN_ABOUT_RETURN_TYPE = YES_ERROR;
				GCC_WARN_UNDECLARED_SELECTOR = YES;
				GCC_WARN_UNINITIALIZED_AUTOS = YES_AGGRESSIVE;
				GCC_WARN_UNUSED_FUNCTION = YES;
				GCC_WARN_UNUSED_VARIABLE = YES;
				MACOSX_DEPLOYMENT_TARGET = 10.10;
				MTL_ENABLE_DEBUG_INFO = NO;
				SDKROOT = macosx;
			};
			name = Release;
		};
		81186E231A9559D9000BB104 /* Debug */ = {
			isa = XCBuildConfiguration;
			buildSettings = {
				PRODUCT_NAME = "$(TARGET_NAME)";
			};
			name = Debug;
		};
		81186E241A9559D9000BB104 /* Release */ = {
			isa = XCBuildConfiguration;
			buildSettings = {
				PRODUCT_NAME = "$(TARGET_NAME)";
			};
			name = Release;
		};
/* End XCBuildConfiguration section */

/* Begin XCConfigurationList section */
		81186E161A9559D9000BB104 /* Build configuration list for PBXProject "ordenar_contratos" */ = {
			isa = XCConfigurationList;
			buildConfigurations = (
				81186E201A9559D9000BB104 /* Debug */,
				81186E211A9559D9000BB104 /* Release */,
			);
			defaultConfigurationIsVisible = 0;
			defaultConfigurationName = Release;
		};
		81186E221A9559D9000BB104 /* Build configuration list for PBXNativeTarget "ordenar_contratos" */ = {
			isa = XCConfigurationList;
			buildConfigurations = (
				81186E231A9559D9000BB104 /* Debug */,
				81186E241A9559D9000BB104 /* Release */,
			);
			defaultConfigurationIsVisible = 0;
		};
/* End XCConfigurationList section */
	};
	rootObject = 81186E131A9559D9000BB104 /* Project object */;
}
