// !$*UTF8*$!
{
	archiveVersion = 1;
	classes = {
	};
	objectVersion = 46;
	objects = {

/* Begin PBXBuildFile section */
		81EB74C11ADC4CDF00B6F420 /* main.cpp in Sources */ = {isa = PBXBuildFile; fileRef = 81EB74C01ADC4CDF00B6F420 /* main.cpp */; };
/* End PBXBuildFile section */

/* Begin PBXCopyFilesBuildPhase section */
		81EB74BB1ADC4CDF00B6F420 /* CopyFiles */ = {
			isa = PBXCopyFilesBuildPhase;
			buildActionMask = 2147483647;
			dstPath = /usr/share/man/man1/;
			dstSubfolderSpec = 0;
			files = (
			);
			runOnlyForDeploymentPostprocessing = 1;
		};
/* End PBXCopyFilesBuildPhase section */

/* Begin PBXFileReference section */
		81EB74BD1ADC4CDF00B6F420 /* EP2_E2 */ = {isa = PBXFileReference; explicitFileType = "compiled.mach-o.executable"; includeInIndex = 0; path = EP2_E2; sourceTree = BUILT_PRODUCTS_DIR; };
		81EB74C01ADC4CDF00B6F420 /* main.cpp */ = {isa = PBXFileReference; lastKnownFileType = sourcecode.cpp.cpp; path = main.cpp; sourceTree = "<group>"; };
/* End PBXFileReference section */

/* Begin PBXFrameworksBuildPhase section */
		81EB74BA1ADC4CDF00B6F420 /* Frameworks */ = {
			isa = PBXFrameworksBuildPhase;
			buildActionMask = 2147483647;
			files = (
			);
			runOnlyForDeploymentPostprocessing = 0;
		};
/* End PBXFrameworksBuildPhase section */

/* Begin PBXGroup section */
		81EB74B41ADC4CDF00B6F420 = {
			isa = PBXGroup;
			children = (
				81EB74BF1ADC4CDF00B6F420 /* EP2_E2 */,
				81EB74BE1ADC4CDF00B6F420 /* Products */,
			);
			sourceTree = "<group>";
		};
		81EB74BE1ADC4CDF00B6F420 /* Products */ = {
			isa = PBXGroup;
			children = (
				81EB74BD1ADC4CDF00B6F420 /* EP2_E2 */,
			);
			name = Products;
			sourceTree = "<group>";
		};
		81EB74BF1ADC4CDF00B6F420 /* EP2_E2 */ = {
			isa = PBXGroup;
			children = (
				81EB74C01ADC4CDF00B6F420 /* main.cpp */,
			);
			path = EP2_E2;
			sourceTree = "<group>";
		};
/* End PBXGroup section */

/* Begin PBXNativeTarget section */
		81EB74BC1ADC4CDF00B6F420 /* EP2_E2 */ = {
			isa = PBXNativeTarget;
			buildConfigurationList = 81EB74C41ADC4CDF00B6F420 /* Build configuration list for PBXNativeTarget "EP2_E2" */;
			buildPhases = (
				81EB74B91ADC4CDF00B6F420 /* Sources */,
				81EB74BA1ADC4CDF00B6F420 /* Frameworks */,
				81EB74BB1ADC4CDF00B6F420 /* CopyFiles */,
			);
			buildRules = (
			);
			dependencies = (
			);
			name = EP2_E2;
			productName = EP2_E2;
			productReference = 81EB74BD1ADC4CDF00B6F420 /* EP2_E2 */;
			productType = "com.apple.product-type.tool";
		};
/* End PBXNativeTarget section */

/* Begin PBXProject section */
		81EB74B51ADC4CDF00B6F420 /* Project object */ = {
			isa = PBXProject;
			attributes = {
				LastUpgradeCheck = 0630;
				ORGANIZATIONNAME = "Vicente Cubells Nonell";
				TargetAttributes = {
					81EB74BC1ADC4CDF00B6F420 = {
						CreatedOnToolsVersion = 6.3;
					};
				};
			};
			buildConfigurationList = 81EB74B81ADC4CDF00B6F420 /* Build configuration list for PBXProject "EP2_E2" */;
			compatibilityVersion = "Xcode 3.2";
			developmentRegion = English;
			hasScannedForEncodings = 0;
			knownRegions = (
				en,
			);
			mainGroup = 81EB74B41ADC4CDF00B6F420;
			productRefGroup = 81EB74BE1ADC4CDF00B6F420 /* Products */;
			projectDirPath = "";
			projectRoot = "";
			targets = (
				81EB74BC1ADC4CDF00B6F420 /* EP2_E2 */,
			);
		};
/* End PBXProject section */

/* Begin PBXSourcesBuildPhase section */
		81EB74B91ADC4CDF00B6F420 /* Sources */ = {
			isa = PBXSourcesBuildPhase;
			buildActionMask = 2147483647;
			files = (
				81EB74C11ADC4CDF00B6F420 /* main.cpp in Sources */,
			);
			runOnlyForDeploymentPostprocessing = 0;
		};
/* End PBXSourcesBuildPhase section */

/* Begin XCBuildConfiguration section */
		81EB74C21ADC4CDF00B6F420 /* Debug */ = {
			isa = XCBuildConfiguration;
			buildSettings = {
				ALWAYS_SEARCH_USER_PATHS = NO;
				CLANG_CXX_LANGUAGE_STANDARD = "gnu++0x";
				CLANG_CXX_LIBRARY = "libc++";
				CLANG_ENABLE_MODULES = YES;
				CLANG_ENABLE_OBJC_ARC = YES;
				CLANG_WARN_BOOL_CONVERSION = YES;
				CLANG_WARN_CONSTANT_CONVERSION = YES;
				CLANG_WARN_DIRECT_OBJC_ISA_USAGE = YES_ERROR;
				CLANG_WARN_EMPTY_BODY = YES;
				CLANG_WARN_ENUM_CONVERSION = YES;
				CLANG_WARN_INT_CONVERSION = YES;
				CLANG_WARN_OBJC_ROOT_CLASS = YES_ERROR;
				CLANG_WARN_UNREACHABLE_CODE = YES;
				CLANG_WARN__DUPLICATE_METHOD_MATCH = YES;
				COPY_PHASE_STRIP = NO;
				DEBUG_INFORMATION_FORMAT = dwarf;
				ENABLE_STRICT_OBJC_MSGSEND = YES;
				GCC_C_LANGUAGE_STANDARD = gnu99;
				GCC_DYNAMIC_NO_PIC = NO;
				GCC_NO_COMMON_BLOCKS = YES;
				GCC_OPTIMIZATION_LEVEL = 0;
				GCC_PREPROCESSOR_DEFINITIONS = (
					"DEBUG=1",
					"$(inherited)",
				);
				GCC_SYMBOLS_PRIVATE_EXTERN = NO;
				GCC_WARN_64_TO_32_BIT_CONVERSION = YES;
				GCC_WARN_ABOUT_RETURN_TYPE = YES_ERROR;
				GCC_WARN_UNDECLARED_SELECTOR = YES;
				GCC_WARN_UNINITIALIZED_AUTOS = YES_AGGRESSIVE;
				GCC_WARN_UNUSED_FUNCTION = YES;
				GCC_WARN_UNUSED_VARIABLE = YES;
				MACOSX_DEPLOYMENT_TARGET = 10.10;
				MTL_ENABLE_DEBUG_INFO = YES;
				ONLY_ACTIVE_ARCH = YES;
				SDKROOT = macosx;
			};
			name = Debug;
		};
		81EB74C31ADC4CDF00B6F420 /* Release */ = {
			isa = XCBuildConfiguration;
			buildSettings = {
				ALWAYS_SEARCH_USER_PATHS = NO;
				CLANG_CXX_LANGUAGE_STANDARD = "gnu++0x";
				CLANG_CXX_LIBRARY = "libc++";
				CLANG_ENABLE_MODULES = YES;
				CLANG_ENABLE_OBJC_ARC = YES;
				CLANG_WARN_BOOL_CONVERSION = YES;
				CLANG_WARN_CONSTANT_CONVERSION = YES;
				CLANG_WARN_DIRECT_OBJC_ISA_USAGE = YES_ERROR;
				CLANG_WARN_EMPTY_BODY = YES;
				CLANG_WARN_ENUM_CONVERSION = YES;
				CLANG_WARN_INT_CONVERSION = YES;
				CLANG_WARN_OBJC_ROOT_CLASS = YES_ERROR;
				CLANG_WARN_UNREACHABLE_CODE = YES;
				CLANG_WARN__DUPLICATE_METHOD_MATCH = YES;
				COPY_PHASE_STRIP = NO;
				DEBUG_INFORMATION_FORMAT = "dwarf-with-dsym";
				ENABLE_NS_ASSERTIONS = NO;
				ENABLE_STRICT_OBJC_MSGSEND = YES;
				GCC_C_LANGUAGE_STANDARD = gnu99;
				GCC_NO_COMMON_BLOCKS = YES;
				GCC_WARN_64_TO_32_BIT_CONVERSION = YES;
				GCC_WARN_ABOUT_RETURN_TYPE = YES_ERROR;
				GCC_WARN_UNDECLARED_SELECTOR = YES;
				GCC_WARN_UNINITIALIZED_AUTOS = YES_AGGRESSIVE;
				GCC_WARN_UNUSED_FUNCTION = YES;
				GCC_WARN_UNUSED_VARIABLE = YES;
				MACOSX_DEPLOYMENT_TARGET = 10.10;
				MTL_ENABLE_DEBUG_INFO = NO;
				SDKROOT = macosx;
			};
			name = Release;
		};
		81EB74C51ADC4CDF00B6F420 /* Debug */ = {
			isa = XCBuildConfiguration;
			buildSettings = {
				PRODUCT_NAME = "$(TARGET_NAME)";
			};
			name = Debug;
		};
		81EB74C61ADC4CDF00B6F420 /* Release */ = {
			isa = XCBuildConfiguration;
			buildSettings = {
				PRODUCT_NAME = "$(TARGET_NAME)";
			};
			name = Release;
		};
/* End XCBuildConfiguration section */

/* Begin XCConfigurationList section */
		81EB74B81ADC4CDF00B6F420 /* Build configuration list for PBXProject "EP2_E2" */ = {
			isa = XCConfigurationList;
			buildConfigurations = (
				81EB74C21ADC4CDF00B6F420 /* Debug */,
				81EB74C31ADC4CDF00B6F420 /* Release */,
			);
			defaultConfigurationIsVisible = 0;
			defaultConfigurationName = Release;
		};
		81EB74C41ADC4CDF00B6F420 /* Build configuration list for PBXNativeTarget "EP2_E2" */ = {
			isa = XCConfigurationList;
			buildConfigurations = (
				81EB74C51ADC4CDF00B6F420 /* Debug */,
				81EB74C61ADC4CDF00B6F420 /* Release */,
			);
			defaultConfigurationIsVisible = 0;
		};
/* End XCConfigurationList section */
	};
	rootObject = 81EB74B51ADC4CDF00B6F420 /* Project object */;
}
